// !$*UTF8*$!
{
	archiveVersion = 1;
	classes = {
	};
	objectVersion = 56;
	objects = {

/* Begin PBXBuildFile section */
		7A10285B2C6CE49E00735340 /* MyRecipeApp.swift in Sources */ = {isa = PBXBuildFile; fileRef = 7A10285A2C6CE49E00735340 /* MyRecipeApp.swift */; };
		7A10285D2C6CE49E00735340 /* ContentView.swift in Sources */ = {isa = PBXBuildFile; fileRef = 7A10285C2C6CE49E00735340 /* ContentView.swift */; };
		7A10285F2C6CE49E00735340 /* Item.swift in Sources */ = {isa = PBXBuildFile; fileRef = 7A10285E2C6CE49E00735340 /* Item.swift */; };
		7A1028612C6CE4A000735340 /* Assets.xcassets in Resources */ = {isa = PBXBuildFile; fileRef = 7A1028602C6CE4A000735340 /* Assets.xcassets */; };
		7A1028642C6CE4A000735340 /* Preview Assets.xcassets in Resources */ = {isa = PBXBuildFile; fileRef = 7A1028632C6CE4A000735340 /* Preview Assets.xcassets */; };
		7A10286E2C6CE4A000735340 /* MyRecipeTests.swift in Sources */ = {isa = PBXBuildFile; fileRef = 7A10286D2C6CE4A000735340 /* MyRecipeTests.swift */; };
		7A1028782C6CE4A000735340 /* MyRecipeUITests.swift in Sources */ = {isa = PBXBuildFile; fileRef = 7A1028772C6CE4A000735340 /* MyRecipeUITests.swift */; };
		7A10287A2C6CE4A000735340 /* MyRecipeUITestsLaunchTests.swift in Sources */ = {isa = PBXBuildFile; fileRef = 7A1028792C6CE4A000735340 /* MyRecipeUITestsLaunchTests.swift */; };
		7A10289D2C6CE8F700735340 /* ApiService.swift in Sources */ = {isa = PBXBuildFile; fileRef = 7A1028862C6CE8F700735340 /* ApiService.swift */; };
		7A10289E2C6CE8F700735340 /* ApiService.swift in Sources */ = {isa = PBXBuildFile; fileRef = 7A1028862C6CE8F700735340 /* ApiService.swift */; };
		7A10289F2C6CE8F700735340 /* ApiService.swift in Sources */ = {isa = PBXBuildFile; fileRef = 7A1028862C6CE8F700735340 /* ApiService.swift */; };
		7A1028A02C6CE8F700735340 /* AuthViewModel.swift in Sources */ = {isa = PBXBuildFile; fileRef = 7A1028872C6CE8F700735340 /* AuthViewModel.swift */; };
		7A1028A12C6CE8F700735340 /* AuthViewModel.swift in Sources */ = {isa = PBXBuildFile; fileRef = 7A1028872C6CE8F700735340 /* AuthViewModel.swift */; };
		7A1028A22C6CE8F700735340 /* AuthViewModel.swift in Sources */ = {isa = PBXBuildFile; fileRef = 7A1028872C6CE8F700735340 /* AuthViewModel.swift */; };
		7A1028A32C6CE8F700735340 /* ErrorModel.swift in Sources */ = {isa = PBXBuildFile; fileRef = 7A1028892C6CE8F700735340 /* ErrorModel.swift */; };
		7A1028A42C6CE8F700735340 /* ErrorModel.swift in Sources */ = {isa = PBXBuildFile; fileRef = 7A1028892C6CE8F700735340 /* ErrorModel.swift */; };
		7A1028A52C6CE8F700735340 /* ErrorModel.swift in Sources */ = {isa = PBXBuildFile; fileRef = 7A1028892C6CE8F700735340 /* ErrorModel.swift */; };
		7A1028A62C6CE8F700735340 /* FilterTypeEnum.swift in Sources */ = {isa = PBXBuildFile; fileRef = 7A10288A2C6CE8F700735340 /* FilterTypeEnum.swift */; };
		7A1028A72C6CE8F700735340 /* FilterTypeEnum.swift in Sources */ = {isa = PBXBuildFile; fileRef = 7A10288A2C6CE8F700735340 /* FilterTypeEnum.swift */; };
		7A1028A82C6CE8F700735340 /* FilterTypeEnum.swift in Sources */ = {isa = PBXBuildFile; fileRef = 7A10288A2C6CE8F700735340 /* FilterTypeEnum.swift */; };
		7A1028A92C6CE8F700735340 /* MealModel.swift in Sources */ = {isa = PBXBuildFile; fileRef = 7A10288B2C6CE8F700735340 /* MealModel.swift */; };
		7A1028AA2C6CE8F700735340 /* MealModel.swift in Sources */ = {isa = PBXBuildFile; fileRef = 7A10288B2C6CE8F700735340 /* MealModel.swift */; };
		7A1028AB2C6CE8F700735340 /* MealModel.swift in Sources */ = {isa = PBXBuildFile; fileRef = 7A10288B2C6CE8F700735340 /* MealModel.swift */; };
		7A1028AC2C6CE8F700735340 /* SettingModel.swift in Sources */ = {isa = PBXBuildFile; fileRef = 7A10288C2C6CE8F700735340 /* SettingModel.swift */; };
		7A1028AD2C6CE8F700735340 /* SettingModel.swift in Sources */ = {isa = PBXBuildFile; fileRef = 7A10288C2C6CE8F700735340 /* SettingModel.swift */; };
		7A1028AE2C6CE8F700735340 /* SettingModel.swift in Sources */ = {isa = PBXBuildFile; fileRef = 7A10288C2C6CE8F700735340 /* SettingModel.swift */; };
		7A1028AF2C6CE8F700735340 /* CardView.swift in Sources */ = {isa = PBXBuildFile; fileRef = 7A10288E2C6CE8F700735340 /* CardView.swift */; };
		7A1028B02C6CE8F700735340 /* CardView.swift in Sources */ = {isa = PBXBuildFile; fileRef = 7A10288E2C6CE8F700735340 /* CardView.swift */; };
		7A1028B12C6CE8F700735340 /* CardView.swift in Sources */ = {isa = PBXBuildFile; fileRef = 7A10288E2C6CE8F700735340 /* CardView.swift */; };
		7A1028B22C6CE8F700735340 /* DynamicAvatar.swift in Sources */ = {isa = PBXBuildFile; fileRef = 7A10288F2C6CE8F700735340 /* DynamicAvatar.swift */; };
		7A1028B32C6CE8F700735340 /* DynamicAvatar.swift in Sources */ = {isa = PBXBuildFile; fileRef = 7A10288F2C6CE8F700735340 /* DynamicAvatar.swift */; };
		7A1028B42C6CE8F700735340 /* DynamicAvatar.swift in Sources */ = {isa = PBXBuildFile; fileRef = 7A10288F2C6CE8F700735340 /* DynamicAvatar.swift */; };
		7A1028B52C6CE8F700735340 /* ListByArea.swift in Sources */ = {isa = PBXBuildFile; fileRef = 7A1028902C6CE8F700735340 /* ListByArea.swift */; };
		7A1028B62C6CE8F700735340 /* ListByArea.swift in Sources */ = {isa = PBXBuildFile; fileRef = 7A1028902C6CE8F700735340 /* ListByArea.swift */; };
		7A1028B72C6CE8F700735340 /* ListByArea.swift in Sources */ = {isa = PBXBuildFile; fileRef = 7A1028902C6CE8F700735340 /* ListByArea.swift */; };
		7A1028B82C6CE8F700735340 /* ListByCategories.swift in Sources */ = {isa = PBXBuildFile; fileRef = 7A1028912C6CE8F700735340 /* ListByCategories.swift */; };
		7A1028B92C6CE8F700735340 /* ListByCategories.swift in Sources */ = {isa = PBXBuildFile; fileRef = 7A1028912C6CE8F700735340 /* ListByCategories.swift */; };
		7A1028BA2C6CE8F700735340 /* ListByCategories.swift in Sources */ = {isa = PBXBuildFile; fileRef = 7A1028912C6CE8F700735340 /* ListByCategories.swift */; };
		7A1028BB2C6CE8F700735340 /* ListOfArea.swift in Sources */ = {isa = PBXBuildFile; fileRef = 7A1028922C6CE8F700735340 /* ListOfArea.swift */; };
		7A1028BC2C6CE8F700735340 /* ListOfArea.swift in Sources */ = {isa = PBXBuildFile; fileRef = 7A1028922C6CE8F700735340 /* ListOfArea.swift */; };
		7A1028BD2C6CE8F700735340 /* ListOfArea.swift in Sources */ = {isa = PBXBuildFile; fileRef = 7A1028922C6CE8F700735340 /* ListOfArea.swift */; };
		7A1028BE2C6CE8F700735340 /* ListOfCategories.swift in Sources */ = {isa = PBXBuildFile; fileRef = 7A1028932C6CE8F700735340 /* ListOfCategories.swift */; };
		7A1028BF2C6CE8F700735340 /* ListOfCategories.swift in Sources */ = {isa = PBXBuildFile; fileRef = 7A1028932C6CE8F700735340 /* ListOfCategories.swift */; };
		7A1028C02C6CE8F700735340 /* ListOfCategories.swift in Sources */ = {isa = PBXBuildFile; fileRef = 7A1028932C6CE8F700735340 /* ListOfCategories.swift */; };
		7A1028C12C6CE8F700735340 /* ListOfMealView.swift in Sources */ = {isa = PBXBuildFile; fileRef = 7A1028942C6CE8F700735340 /* ListOfMealView.swift */; };
		7A1028C22C6CE8F700735340 /* ListOfMealView.swift in Sources */ = {isa = PBXBuildFile; fileRef = 7A1028942C6CE8F700735340 /* ListOfMealView.swift */; };
		7A1028C32C6CE8F700735340 /* ListOfMealView.swift in Sources */ = {isa = PBXBuildFile; fileRef = 7A1028942C6CE8F700735340 /* ListOfMealView.swift */; };
		7A1028C42C6CE8F700735340 /* LoginView.swift in Sources */ = {isa = PBXBuildFile; fileRef = 7A1028952C6CE8F700735340 /* LoginView.swift */; };
		7A1028C52C6CE8F700735340 /* LoginView.swift in Sources */ = {isa = PBXBuildFile; fileRef = 7A1028952C6CE8F700735340 /* LoginView.swift */; };
		7A1028C62C6CE8F700735340 /* LoginView.swift in Sources */ = {isa = PBXBuildFile; fileRef = 7A1028952C6CE8F700735340 /* LoginView.swift */; };
		7A1028C72C6CE8F700735340 /* MainView.swift in Sources */ = {isa = PBXBuildFile; fileRef = 7A1028962C6CE8F700735340 /* MainView.swift */; };
		7A1028C82C6CE8F700735340 /* MainView.swift in Sources */ = {isa = PBXBuildFile; fileRef = 7A1028962C6CE8F700735340 /* MainView.swift */; };
		7A1028C92C6CE8F700735340 /* MainView.swift in Sources */ = {isa = PBXBuildFile; fileRef = 7A1028962C6CE8F700735340 /* MainView.swift */; };
		7A1028CA2C6CE8F700735340 /* MealDetails.swift in Sources */ = {isa = PBXBuildFile; fileRef = 7A1028972C6CE8F700735340 /* MealDetails.swift */; };
		7A1028CB2C6CE8F700735340 /* MealDetails.swift in Sources */ = {isa = PBXBuildFile; fileRef = 7A1028972C6CE8F700735340 /* MealDetails.swift */; };
		7A1028CC2C6CE8F700735340 /* MealDetails.swift in Sources */ = {isa = PBXBuildFile; fileRef = 7A1028972C6CE8F700735340 /* MealDetails.swift */; };
		7A1028CD2C6CE8F700735340 /* ProfileView.swift in Sources */ = {isa = PBXBuildFile; fileRef = 7A1028982C6CE8F700735340 /* ProfileView.swift */; };
		7A1028CE2C6CE8F700735340 /* ProfileView.swift in Sources */ = {isa = PBXBuildFile; fileRef = 7A1028982C6CE8F700735340 /* ProfileView.swift */; };
		7A1028CF2C6CE8F700735340 /* ProfileView.swift in Sources */ = {isa = PBXBuildFile; fileRef = 7A1028982C6CE8F700735340 /* ProfileView.swift */; };
		7A1028D02C6CE8F700735340 /* SettingsView.swift in Sources */ = {isa = PBXBuildFile; fileRef = 7A1028992C6CE8F700735340 /* SettingsView.swift */; };
		7A1028D12C6CE8F700735340 /* SettingsView.swift in Sources */ = {isa = PBXBuildFile; fileRef = 7A1028992C6CE8F700735340 /* SettingsView.swift */; };
		7A1028D22C6CE8F700735340 /* SettingsView.swift in Sources */ = {isa = PBXBuildFile; fileRef = 7A1028992C6CE8F700735340 /* SettingsView.swift */; };
		7A1028D32C6CE8F700735340 /* Constants.swift in Sources */ = {isa = PBXBuildFile; fileRef = 7A10289B2C6CE8F700735340 /* Constants.swift */; };
		7A1028D42C6CE8F700735340 /* Constants.swift in Sources */ = {isa = PBXBuildFile; fileRef = 7A10289B2C6CE8F700735340 /* Constants.swift */; };
		7A1028D52C6CE8F700735340 /* Constants.swift in Sources */ = {isa = PBXBuildFile; fileRef = 7A10289B2C6CE8F700735340 /* Constants.swift */; };
		7A1028D82C6CEE8D00735340 /* CustomTextButton.swift in Sources */ = {isa = PBXBuildFile; fileRef = 7A1028D72C6CEE8D00735340 /* CustomTextButton.swift */; };
		7A1028D92C6CEE8D00735340 /* CustomTextButton.swift in Sources */ = {isa = PBXBuildFile; fileRef = 7A1028D72C6CEE8D00735340 /* CustomTextButton.swift */; };
		7A1028DA2C6CEE8D00735340 /* CustomTextButton.swift in Sources */ = {isa = PBXBuildFile; fileRef = 7A1028D72C6CEE8D00735340 /* CustomTextButton.swift */; };
		7A1028E22C6CF2EA00735340 /* FirebaseAnalyticsWithoutAdIdSupport in Frameworks */ = {isa = PBXBuildFile; productRef = 7A1028E12C6CF2EA00735340 /* FirebaseAnalyticsWithoutAdIdSupport */; };
		7A1028E42C6CF3CA00735340 /* GoogleService-Info.plist in Resources */ = {isa = PBXBuildFile; fileRef = 7A1028E32C6CF3CA00735340 /* GoogleService-Info.plist */; };
		7A1028E52C6CF3CA00735340 /* GoogleService-Info.plist in Resources */ = {isa = PBXBuildFile; fileRef = 7A1028E32C6CF3CA00735340 /* GoogleService-Info.plist */; };
		7A1028E62C6CF3CA00735340 /* GoogleService-Info.plist in Resources */ = {isa = PBXBuildFile; fileRef = 7A1028E32C6CF3CA00735340 /* GoogleService-Info.plist */; };
/* End PBXBuildFile section */

/* Begin PBXContainerItemProxy section */
		7A10286A2C6CE4A000735340 /* PBXContainerItemProxy */ = {
			isa = PBXContainerItemProxy;
			containerPortal = 7A10284F2C6CE49E00735340 /* Project object */;
			proxyType = 1;
			remoteGlobalIDString = 7A1028562C6CE49E00735340;
			remoteInfo = MyRecipe;
		};
		7A1028742C6CE4A000735340 /* PBXContainerItemProxy */ = {
			isa = PBXContainerItemProxy;
			containerPortal = 7A10284F2C6CE49E00735340 /* Project object */;
			proxyType = 1;
			remoteGlobalIDString = 7A1028562C6CE49E00735340;
			remoteInfo = MyRecipe;
		};
/* End PBXContainerItemProxy section */

/* Begin PBXFileReference section */
		7A1028572C6CE49E00735340 /* MyRecipe.app */ = {isa = PBXFileReference; explicitFileType = wrapper.application; includeInIndex = 0; path = MyRecipe.app; sourceTree = BUILT_PRODUCTS_DIR; };
		7A10285A2C6CE49E00735340 /* MyRecipeApp.swift */ = {isa = PBXFileReference; lastKnownFileType = sourcecode.swift; path = MyRecipeApp.swift; sourceTree = "<group>"; };
		7A10285C2C6CE49E00735340 /* ContentView.swift */ = {isa = PBXFileReference; lastKnownFileType = sourcecode.swift; path = ContentView.swift; sourceTree = "<group>"; };
		7A10285E2C6CE49E00735340 /* Item.swift */ = {isa = PBXFileReference; lastKnownFileType = sourcecode.swift; path = Item.swift; sourceTree = "<group>"; };
		7A1028602C6CE4A000735340 /* Assets.xcassets */ = {isa = PBXFileReference; lastKnownFileType = folder.assetcatalog; path = Assets.xcassets; sourceTree = "<group>"; };
		7A1028632C6CE4A000735340 /* Preview Assets.xcassets */ = {isa = PBXFileReference; lastKnownFileType = folder.assetcatalog; path = "Preview Assets.xcassets"; sourceTree = "<group>"; };
		7A1028692C6CE4A000735340 /* MyRecipeTests.xctest */ = {isa = PBXFileReference; explicitFileType = wrapper.cfbundle; includeInIndex = 0; path = MyRecipeTests.xctest; sourceTree = BUILT_PRODUCTS_DIR; };
		7A10286D2C6CE4A000735340 /* MyRecipeTests.swift */ = {isa = PBXFileReference; lastKnownFileType = sourcecode.swift; path = MyRecipeTests.swift; sourceTree = "<group>"; };
		7A1028732C6CE4A000735340 /* MyRecipeUITests.xctest */ = {isa = PBXFileReference; explicitFileType = wrapper.cfbundle; includeInIndex = 0; path = MyRecipeUITests.xctest; sourceTree = BUILT_PRODUCTS_DIR; };
		7A1028772C6CE4A000735340 /* MyRecipeUITests.swift */ = {isa = PBXFileReference; lastKnownFileType = sourcecode.swift; path = MyRecipeUITests.swift; sourceTree = "<group>"; };
		7A1028792C6CE4A000735340 /* MyRecipeUITestsLaunchTests.swift */ = {isa = PBXFileReference; lastKnownFileType = sourcecode.swift; path = MyRecipeUITestsLaunchTests.swift; sourceTree = "<group>"; };
		7A1028862C6CE8F700735340 /* ApiService.swift */ = {isa = PBXFileReference; fileEncoding = 4; lastKnownFileType = sourcecode.swift; path = ApiService.swift; sourceTree = "<group>"; };
		7A1028872C6CE8F700735340 /* AuthViewModel.swift */ = {isa = PBXFileReference; fileEncoding = 4; lastKnownFileType = sourcecode.swift; path = AuthViewModel.swift; sourceTree = "<group>"; };
		7A1028892C6CE8F700735340 /* ErrorModel.swift */ = {isa = PBXFileReference; fileEncoding = 4; lastKnownFileType = sourcecode.swift; path = ErrorModel.swift; sourceTree = "<group>"; };
		7A10288A2C6CE8F700735340 /* FilterTypeEnum.swift */ = {isa = PBXFileReference; fileEncoding = 4; lastKnownFileType = sourcecode.swift; path = FilterTypeEnum.swift; sourceTree = "<group>"; };
		7A10288B2C6CE8F700735340 /* MealModel.swift */ = {isa = PBXFileReference; fileEncoding = 4; lastKnownFileType = sourcecode.swift; path = MealModel.swift; sourceTree = "<group>"; };
		7A10288C2C6CE8F700735340 /* SettingModel.swift */ = {isa = PBXFileReference; fileEncoding = 4; lastKnownFileType = sourcecode.swift; path = SettingModel.swift; sourceTree = "<group>"; };
		7A10288E2C6CE8F700735340 /* CardView.swift */ = {isa = PBXFileReference; fileEncoding = 4; lastKnownFileType = sourcecode.swift; path = CardView.swift; sourceTree = "<group>"; };
		7A10288F2C6CE8F700735340 /* DynamicAvatar.swift */ = {isa = PBXFileReference; fileEncoding = 4; lastKnownFileType = sourcecode.swift; path = DynamicAvatar.swift; sourceTree = "<group>"; };
		7A1028902C6CE8F700735340 /* ListByArea.swift */ = {isa = PBXFileReference; fileEncoding = 4; lastKnownFileType = sourcecode.swift; path = ListByArea.swift; sourceTree = "<group>"; };
		7A1028912C6CE8F700735340 /* ListByCategories.swift */ = {isa = PBXFileReference; fileEncoding = 4; lastKnownFileType = sourcecode.swift; path = ListByCategories.swift; sourceTree = "<group>"; };
		7A1028922C6CE8F700735340 /* ListOfArea.swift */ = {isa = PBXFileReference; fileEncoding = 4; lastKnownFileType = sourcecode.swift; path = ListOfArea.swift; sourceTree = "<group>"; };
		7A1028932C6CE8F700735340 /* ListOfCategories.swift */ = {isa = PBXFileReference; fileEncoding = 4; lastKnownFileType = sourcecode.swift; path = ListOfCategories.swift; sourceTree = "<group>"; };
		7A1028942C6CE8F700735340 /* ListOfMealView.swift */ = {isa = PBXFileReference; fileEncoding = 4; lastKnownFileType = sourcecode.swift; path = ListOfMealView.swift; sourceTree = "<group>"; };
		7A1028952C6CE8F700735340 /* LoginView.swift */ = {isa = PBXFileReference; fileEncoding = 4; lastKnownFileType = sourcecode.swift; path = LoginView.swift; sourceTree = "<group>"; };
		7A1028962C6CE8F700735340 /* MainView.swift */ = {isa = PBXFileReference; fileEncoding = 4; lastKnownFileType = sourcecode.swift; path = MainView.swift; sourceTree = "<group>"; };
		7A1028972C6CE8F700735340 /* MealDetails.swift */ = {isa = PBXFileReference; fileEncoding = 4; lastKnownFileType = sourcecode.swift; path = MealDetails.swift; sourceTree = "<group>"; };
		7A1028982C6CE8F700735340 /* ProfileView.swift */ = {isa = PBXFileReference; fileEncoding = 4; lastKnownFileType = sourcecode.swift; path = ProfileView.swift; sourceTree = "<group>"; };
		7A1028992C6CE8F700735340 /* SettingsView.swift */ = {isa = PBXFileReference; fileEncoding = 4; lastKnownFileType = sourcecode.swift; path = SettingsView.swift; sourceTree = "<group>"; };
		7A10289B2C6CE8F700735340 /* Constants.swift */ = {isa = PBXFileReference; fileEncoding = 4; lastKnownFileType = sourcecode.swift; path = Constants.swift; sourceTree = "<group>"; };
		7A1028D72C6CEE8D00735340 /* CustomTextButton.swift */ = {isa = PBXFileReference; lastKnownFileType = sourcecode.swift; path = CustomTextButton.swift; sourceTree = "<group>"; };
		7A1028E32C6CF3CA00735340 /* GoogleService-Info.plist */ = {isa = PBXFileReference; fileEncoding = 4; lastKnownFileType = text.plist.xml; name = "GoogleService-Info.plist"; path = "../../../Downloads/GoogleService-Info.plist"; sourceTree = "<group>"; };
/* End PBXFileReference section */

/* Begin PBXFrameworksBuildPhase section */
		7A1028542C6CE49E00735340 /* Frameworks */ = {
			isa = PBXFrameworksBuildPhase;
			buildActionMask = 2147483647;
			files = (
				7A1028E22C6CF2EA00735340 /* FirebaseAnalyticsWithoutAdIdSupport in Frameworks */,
			);
			runOnlyForDeploymentPostprocessing = 0;
		};
		7A1028662C6CE4A000735340 /* Frameworks */ = {
			isa = PBXFrameworksBuildPhase;
			buildActionMask = 2147483647;
			files = (
			);
			runOnlyForDeploymentPostprocessing = 0;
		};
		7A1028702C6CE4A000735340 /* Frameworks */ = {
			isa = PBXFrameworksBuildPhase;
			buildActionMask = 2147483647;
			files = (
			);
			runOnlyForDeploymentPostprocessing = 0;
		};
/* End PBXFrameworksBuildPhase section */

/* Begin PBXGroup section */
		7A10284E2C6CE49E00735340 = {
			isa = PBXGroup;
			children = (
				7A1028E32C6CF3CA00735340 /* GoogleService-Info.plist */,
				7A1028592C6CE49E00735340 /* MyRecipe */,
				7A10286C2C6CE4A000735340 /* MyRecipeTests */,
				7A1028762C6CE4A000735340 /* MyRecipeUITests */,
				7A1028582C6CE49E00735340 /* Products */,
			);
			sourceTree = "<group>";
		};
		7A1028582C6CE49E00735340 /* Products */ = {
			isa = PBXGroup;
			children = (
				7A1028572C6CE49E00735340 /* MyRecipe.app */,
				7A1028692C6CE4A000735340 /* MyRecipeTests.xctest */,
				7A1028732C6CE4A000735340 /* MyRecipeUITests.xctest */,
			);
			name = Products;
			sourceTree = "<group>";
		};
		7A1028592C6CE49E00735340 /* MyRecipe */ = {
			isa = PBXGroup;
			children = (
				7A10289C2C6CE8F700735340 /* Constatns */,
				7A10288D2C6CE8F700735340 /* Model */,
				7A10289A2C6CE8F700735340 /* View */,
				7A1028882C6CE8F700735340 /* ViewModels */,
				7A10285A2C6CE49E00735340 /* MyRecipeApp.swift */,
				7A10285C2C6CE49E00735340 /* ContentView.swift */,
				7A10285E2C6CE49E00735340 /* Item.swift */,
				7A1028602C6CE4A000735340 /* Assets.xcassets */,
				7A1028622C6CE4A000735340 /* Preview Content */,
			);
			path = MyRecipe;
			sourceTree = "<group>";
		};
		7A1028622C6CE4A000735340 /* Preview Content */ = {
			isa = PBXGroup;
			children = (
				7A1028632C6CE4A000735340 /* Preview Assets.xcassets */,
			);
			path = "Preview Content";
			sourceTree = "<group>";
		};
		7A10286C2C6CE4A000735340 /* MyRecipeTests */ = {
			isa = PBXGroup;
			children = (
				7A10286D2C6CE4A000735340 /* MyRecipeTests.swift */,
			);
			path = MyRecipeTests;
			sourceTree = "<group>";
		};
		7A1028762C6CE4A000735340 /* MyRecipeUITests */ = {
			isa = PBXGroup;
			children = (
				7A1028772C6CE4A000735340 /* MyRecipeUITests.swift */,
				7A1028792C6CE4A000735340 /* MyRecipeUITestsLaunchTests.swift */,
			);
			path = MyRecipeUITests;
			sourceTree = "<group>";
		};
		7A1028882C6CE8F700735340 /* ViewModels */ = {
			isa = PBXGroup;
			children = (
				7A1028862C6CE8F700735340 /* ApiService.swift */,
				7A1028872C6CE8F700735340 /* AuthViewModel.swift */,
			);
			name = ViewModels;
			path = ../../ThisPlateJoy/ThisPlateJoy/ViewModels;
			sourceTree = "<group>";
		};
		7A10288D2C6CE8F700735340 /* Model */ = {
			isa = PBXGroup;
			children = (
				7A1028892C6CE8F700735340 /* ErrorModel.swift */,
				7A10288A2C6CE8F700735340 /* FilterTypeEnum.swift */,
				7A10288B2C6CE8F700735340 /* MealModel.swift */,
				7A10288C2C6CE8F700735340 /* SettingModel.swift */,
			);
			name = Model;
			path = ../../ThisPlateJoy/ThisPlateJoy/Model;
			sourceTree = "<group>";
		};
		7A10289A2C6CE8F700735340 /* View */ = {
			isa = PBXGroup;
			children = (
				7A1028D62C6CEE6D00735340 /* Components */,
				7A10288E2C6CE8F700735340 /* CardView.swift */,
				7A10288F2C6CE8F700735340 /* DynamicAvatar.swift */,
				7A1028902C6CE8F700735340 /* ListByArea.swift */,
				7A1028912C6CE8F700735340 /* ListByCategories.swift */,
				7A1028922C6CE8F700735340 /* ListOfArea.swift */,
				7A1028932C6CE8F700735340 /* ListOfCategories.swift */,
				7A1028942C6CE8F700735340 /* ListOfMealView.swift */,
				7A1028952C6CE8F700735340 /* LoginView.swift */,
				7A1028962C6CE8F700735340 /* MainView.swift */,
				7A1028972C6CE8F700735340 /* MealDetails.swift */,
				7A1028982C6CE8F700735340 /* ProfileView.swift */,
				7A1028992C6CE8F700735340 /* SettingsView.swift */,
			);
			name = View;
			path = ../../ThisPlateJoy/ThisPlateJoy/View;
			sourceTree = "<group>";
		};
		7A10289C2C6CE8F700735340 /* Constatns */ = {
			isa = PBXGroup;
			children = (
				7A10289B2C6CE8F700735340 /* Constants.swift */,
			);
			name = Constatns;
			path = ../../ThisPlateJoy/ThisPlateJoy/Constatns;
			sourceTree = "<group>";
		};
		7A1028D62C6CEE6D00735340 /* Components */ = {
			isa = PBXGroup;
			children = (
				7A1028D72C6CEE8D00735340 /* CustomTextButton.swift */,
			);
			path = Components;
			sourceTree = "<group>";
		};
/* End PBXGroup section */

/* Begin PBXNativeTarget section */
		7A1028562C6CE49E00735340 /* MyRecipe */ = {
			isa = PBXNativeTarget;
			buildConfigurationList = 7A10287D2C6CE4A000735340 /* Build configuration list for PBXNativeTarget "MyRecipe" */;
			buildPhases = (
				7A1028532C6CE49E00735340 /* Sources */,
				7A1028542C6CE49E00735340 /* Frameworks */,
				7A1028552C6CE49E00735340 /* Resources */,
			);
			buildRules = (
			);
			dependencies = (
			);
			name = MyRecipe;
			packageProductDependencies = (
				7A1028E12C6CF2EA00735340 /* FirebaseAnalyticsWithoutAdIdSupport */,
			);
			productName = MyRecipe;
			productReference = 7A1028572C6CE49E00735340 /* MyRecipe.app */;
			productType = "com.apple.product-type.application";
		};
		7A1028682C6CE4A000735340 /* MyRecipeTests */ = {
			isa = PBXNativeTarget;
			buildConfigurationList = 7A1028802C6CE4A000735340 /* Build configuration list for PBXNativeTarget "MyRecipeTests" */;
			buildPhases = (
				7A1028652C6CE4A000735340 /* Sources */,
				7A1028662C6CE4A000735340 /* Frameworks */,
				7A1028672C6CE4A000735340 /* Resources */,
			);
			buildRules = (
			);
			dependencies = (
				7A10286B2C6CE4A000735340 /* PBXTargetDependency */,
			);
			name = MyRecipeTests;
			productName = MyRecipeTests;
			productReference = 7A1028692C6CE4A000735340 /* MyRecipeTests.xctest */;
			productType = "com.apple.product-type.bundle.unit-test";
		};
		7A1028722C6CE4A000735340 /* MyRecipeUITests */ = {
			isa = PBXNativeTarget;
			buildConfigurationList = 7A1028832C6CE4A000735340 /* Build configuration list for PBXNativeTarget "MyRecipeUITests" */;
			buildPhases = (
				7A10286F2C6CE4A000735340 /* Sources */,
				7A1028702C6CE4A000735340 /* Frameworks */,
				7A1028712C6CE4A000735340 /* Resources */,
			);
			buildRules = (
			);
			dependencies = (
				7A1028752C6CE4A000735340 /* PBXTargetDependency */,
			);
			name = MyRecipeUITests;
			productName = MyRecipeUITests;
			productReference = 7A1028732C6CE4A000735340 /* MyRecipeUITests.xctest */;
			productType = "com.apple.product-type.bundle.ui-testing";
		};
/* End PBXNativeTarget section */

/* Begin PBXProject section */
		7A10284F2C6CE49E00735340 /* Project object */ = {
			isa = PBXProject;
			attributes = {
				BuildIndependentTargetsInParallel = 1;
				LastSwiftUpdateCheck = 1540;
				LastUpgradeCheck = 1540;
				TargetAttributes = {
					7A1028562C6CE49E00735340 = {
						CreatedOnToolsVersion = 15.4;
					};
					7A1028682C6CE4A000735340 = {
						CreatedOnToolsVersion = 15.4;
						TestTargetID = 7A1028562C6CE49E00735340;
					};
					7A1028722C6CE4A000735340 = {
						CreatedOnToolsVersion = 15.4;
						TestTargetID = 7A1028562C6CE49E00735340;
					};
				};
			};
			buildConfigurationList = 7A1028522C6CE49E00735340 /* Build configuration list for PBXProject "MyRecipe" */;
			compatibilityVersion = "Xcode 14.0";
			developmentRegion = en;
			hasScannedForEncodings = 0;
			knownRegions = (
				en,
				Base,
			);
			mainGroup = 7A10284E2C6CE49E00735340;
			packageReferences = (
				7A1028E02C6CF2EA00735340 /* XCRemoteSwiftPackageReference "firebase-ios-sdk" */,
			);
			productRefGroup = 7A1028582C6CE49E00735340 /* Products */;
			projectDirPath = "";
			projectRoot = "";
			targets = (
				7A1028562C6CE49E00735340 /* MyRecipe */,
				7A1028682C6CE4A000735340 /* MyRecipeTests */,
				7A1028722C6CE4A000735340 /* MyRecipeUITests */,
			);
		};
/* End PBXProject section */

/* Begin PBXResourcesBuildPhase section */
		7A1028552C6CE49E00735340 /* Resources */ = {
			isa = PBXResourcesBuildPhase;
			buildActionMask = 2147483647;
			files = (
				7A1028642C6CE4A000735340 /* Preview Assets.xcassets in Resources */,
				7A1028612C6CE4A000735340 /* Assets.xcassets in Resources */,
				7A1028E42C6CF3CA00735340 /* GoogleService-Info.plist in Resources */,
			);
			runOnlyForDeploymentPostprocessing = 0;
		};
		7A1028672C6CE4A000735340 /* Resources */ = {
			isa = PBXResourcesBuildPhase;
			buildActionMask = 2147483647;
			files = (
				7A1028E52C6CF3CA00735340 /* GoogleService-Info.plist in Resources */,
			);
			runOnlyForDeploymentPostprocessing = 0;
		};
		7A1028712C6CE4A000735340 /* Resources */ = {
			isa = PBXResourcesBuildPhase;
			buildActionMask = 2147483647;
			files = (
				7A1028E62C6CF3CA00735340 /* GoogleService-Info.plist in Resources */,
			);
			runOnlyForDeploymentPostprocessing = 0;
		};
/* End PBXResourcesBuildPhase section */

/* Begin PBXSourcesBuildPhase section */
		7A1028532C6CE49E00735340 /* Sources */ = {
			isa = PBXSourcesBuildPhase;
			buildActionMask = 2147483647;
			files = (
				7A1028D02C6CE8F700735340 /* SettingsView.swift in Sources */,
				7A1028D32C6CE8F700735340 /* Constants.swift in Sources */,
				7A1028CA2C6CE8F700735340 /* MealDetails.swift in Sources */,
				7A1028A32C6CE8F700735340 /* ErrorModel.swift in Sources */,
				7A1028C72C6CE8F700735340 /* MainView.swift in Sources */,
				7A1028A62C6CE8F700735340 /* FilterTypeEnum.swift in Sources */,
				7A1028A92C6CE8F700735340 /* MealModel.swift in Sources */,
				7A1028A02C6CE8F700735340 /* AuthViewModel.swift in Sources */,
				7A1028AF2C6CE8F700735340 /* CardView.swift in Sources */,
				7A1028B82C6CE8F700735340 /* ListByCategories.swift in Sources */,
				7A10285D2C6CE49E00735340 /* ContentView.swift in Sources */,
				7A1028BE2C6CE8F700735340 /* ListOfCategories.swift in Sources */,
				7A1028BB2C6CE8F700735340 /* ListOfArea.swift in Sources */,
				7A1028B22C6CE8F700735340 /* DynamicAvatar.swift in Sources */,
				7A1028CD2C6CE8F700735340 /* ProfileView.swift in Sources */,
				7A1028C42C6CE8F700735340 /* LoginView.swift in Sources */,
				7A1028C12C6CE8F700735340 /* ListOfMealView.swift in Sources */,
				7A1028B52C6CE8F700735340 /* ListByArea.swift in Sources */,
				7A10285F2C6CE49E00735340 /* Item.swift in Sources */,
				7A10289D2C6CE8F700735340 /* ApiService.swift in Sources */,
				7A10285B2C6CE49E00735340 /* MyRecipeApp.swift in Sources */,
				7A1028AC2C6CE8F700735340 /* SettingModel.swift in Sources */,
				7A1028D82C6CEE8D00735340 /* CustomTextButton.swift in Sources */,
			);
			runOnlyForDeploymentPostprocessing = 0;
		};
		7A1028652C6CE4A000735340 /* Sources */ = {
			isa = PBXSourcesBuildPhase;
			buildActionMask = 2147483647;
			files = (
				7A10289E2C6CE8F700735340 /* ApiService.swift in Sources */,
				7A1028BF2C6CE8F700735340 /* ListOfCategories.swift in Sources */,
				7A1028CB2C6CE8F700735340 /* MealDetails.swift in Sources */,
				7A10286E2C6CE4A000735340 /* MyRecipeTests.swift in Sources */,
				7A1028C52C6CE8F700735340 /* LoginView.swift in Sources */,
				7A1028A42C6CE8F700735340 /* ErrorModel.swift in Sources */,
				7A1028A72C6CE8F700735340 /* FilterTypeEnum.swift in Sources */,
				7A1028D92C6CEE8D00735340 /* CustomTextButton.swift in Sources */,
				7A1028AA2C6CE8F700735340 /* MealModel.swift in Sources */,
				7A1028B92C6CE8F700735340 /* ListByCategories.swift in Sources */,
				7A1028AD2C6CE8F700735340 /* SettingModel.swift in Sources */,
				7A1028CE2C6CE8F700735340 /* ProfileView.swift in Sources */,
				7A1028C82C6CE8F700735340 /* MainView.swift in Sources */,
				7A1028C22C6CE8F700735340 /* ListOfMealView.swift in Sources */,
				7A1028B32C6CE8F700735340 /* DynamicAvatar.swift in Sources */,
				7A1028B02C6CE8F700735340 /* CardView.swift in Sources */,
				7A1028D42C6CE8F700735340 /* Constants.swift in Sources */,
				7A1028BC2C6CE8F700735340 /* ListOfArea.swift in Sources */,
				7A1028A12C6CE8F700735340 /* AuthViewModel.swift in Sources */,
				7A1028B62C6CE8F700735340 /* ListByArea.swift in Sources */,
				7A1028D12C6CE8F700735340 /* SettingsView.swift in Sources */,
			);
			runOnlyForDeploymentPostprocessing = 0;
		};
		7A10286F2C6CE4A000735340 /* Sources */ = {
			isa = PBXSourcesBuildPhase;
			buildActionMask = 2147483647;
			files = (
				7A1028B72C6CE8F700735340 /* ListByArea.swift in Sources */,
				7A1028AB2C6CE8F700735340 /* MealModel.swift in Sources */,
				7A1028B12C6CE8F700735340 /* CardView.swift in Sources */,
				7A1028A52C6CE8F700735340 /* ErrorModel.swift in Sources */,
				7A1028A22C6CE8F700735340 /* AuthViewModel.swift in Sources */,
				7A1028DA2C6CEE8D00735340 /* CustomTextButton.swift in Sources */,
				7A1028D22C6CE8F700735340 /* SettingsView.swift in Sources */,
				7A1028A82C6CE8F700735340 /* FilterTypeEnum.swift in Sources */,
				7A1028AE2C6CE8F700735340 /* SettingModel.swift in Sources */,
				7A1028CC2C6CE8F700735340 /* MealDetails.swift in Sources */,
				7A10287A2C6CE4A000735340 /* MyRecipeUITestsLaunchTests.swift in Sources */,
				7A1028C02C6CE8F700735340 /* ListOfCategories.swift in Sources */,
				7A1028D52C6CE8F700735340 /* Constants.swift in Sources */,
				7A1028782C6CE4A000735340 /* MyRecipeUITests.swift in Sources */,
				7A1028B42C6CE8F700735340 /* DynamicAvatar.swift in Sources */,
				7A1028C92C6CE8F700735340 /* MainView.swift in Sources */,
				7A1028C32C6CE8F700735340 /* ListOfMealView.swift in Sources */,
				7A1028BA2C6CE8F700735340 /* ListByCategories.swift in Sources */,
				7A1028BD2C6CE8F700735340 /* ListOfArea.swift in Sources */,
				7A1028CF2C6CE8F700735340 /* ProfileView.swift in Sources */,
				7A1028C62C6CE8F700735340 /* LoginView.swift in Sources */,
				7A10289F2C6CE8F700735340 /* ApiService.swift in Sources */,
			);
			runOnlyForDeploymentPostprocessing = 0;
		};
/* End PBXSourcesBuildPhase section */

/* Begin PBXTargetDependency section */
		7A10286B2C6CE4A000735340 /* PBXTargetDependency */ = {
			isa = PBXTargetDependency;
			target = 7A1028562C6CE49E00735340 /* MyRecipe */;
			targetProxy = 7A10286A2C6CE4A000735340 /* PBXContainerItemProxy */;
		};
		7A1028752C6CE4A000735340 /* PBXTargetDependency */ = {
			isa = PBXTargetDependency;
			target = 7A1028562C6CE49E00735340 /* MyRecipe */;
			targetProxy = 7A1028742C6CE4A000735340 /* PBXContainerItemProxy */;
		};
/* End PBXTargetDependency section */

/* Begin XCBuildConfiguration section */
		7A10287B2C6CE4A000735340 /* Debug */ = {
			isa = XCBuildConfiguration;
			buildSettings = {
				ALWAYS_SEARCH_USER_PATHS = NO;
				ASSETCATALOG_COMPILER_GENERATE_SWIFT_ASSET_SYMBOL_EXTENSIONS = YES;
				CLANG_ANALYZER_NONNULL = YES;
				CLANG_ANALYZER_NUMBER_OBJECT_CONVERSION = YES_AGGRESSIVE;
				CLANG_CXX_LANGUAGE_STANDARD = "gnu++20";
				CLANG_ENABLE_MODULES = YES;
				CLANG_ENABLE_OBJC_ARC = YES;
				CLANG_ENABLE_OBJC_WEAK = YES;
				CLANG_WARN_BLOCK_CAPTURE_AUTORELEASING = YES;
				CLANG_WARN_BOOL_CONVERSION = YES;
				CLANG_WARN_COMMA = YES;
				CLANG_WARN_CONSTANT_CONVERSION = YES;
				CLANG_WARN_DEPRECATED_OBJC_IMPLEMENTATIONS = YES;
				CLANG_WARN_DIRECT_OBJC_ISA_USAGE = YES_ERROR;
				CLANG_WARN_DOCUMENTATION_COMMENTS = YES;
				CLANG_WARN_EMPTY_BODY = YES;
				CLANG_WARN_ENUM_CONVERSION = YES;
				CLANG_WARN_INFINITE_RECURSION = YES;
				CLANG_WARN_INT_CONVERSION = YES;
				CLANG_WARN_NON_LITERAL_NULL_CONVERSION = YES;
				CLANG_WARN_OBJC_IMPLICIT_RETAIN_SELF = YES;
				CLANG_WARN_OBJC_LITERAL_CONVERSION = YES;
				CLANG_WARN_OBJC_ROOT_CLASS = YES_ERROR;
				CLANG_WARN_QUOTED_INCLUDE_IN_FRAMEWORK_HEADER = YES;
				CLANG_WARN_RANGE_LOOP_ANALYSIS = YES;
				CLANG_WARN_STRICT_PROTOTYPES = YES;
				CLANG_WARN_SUSPICIOUS_MOVE = YES;
				CLANG_WARN_UNGUARDED_AVAILABILITY = YES_AGGRESSIVE;
				CLANG_WARN_UNREACHABLE_CODE = YES;
				CLANG_WARN__DUPLICATE_METHOD_MATCH = YES;
				COPY_PHASE_STRIP = NO;
				DEBUG_INFORMATION_FORMAT = dwarf;
				ENABLE_STRICT_OBJC_MSGSEND = YES;
				ENABLE_TESTABILITY = YES;
				ENABLE_USER_SCRIPT_SANDBOXING = YES;
				GCC_C_LANGUAGE_STANDARD = gnu17;
				GCC_DYNAMIC_NO_PIC = NO;
				GCC_NO_COMMON_BLOCKS = YES;
				GCC_OPTIMIZATION_LEVEL = 0;
				GCC_PREPROCESSOR_DEFINITIONS = (
					"DEBUG=1",
					"$(inherited)",
				);
				GCC_WARN_64_TO_32_BIT_CONVERSION = YES;
				GCC_WARN_ABOUT_RETURN_TYPE = YES_ERROR;
				GCC_WARN_UNDECLARED_SELECTOR = YES;
				GCC_WARN_UNINITIALIZED_AUTOS = YES_AGGRESSIVE;
				GCC_WARN_UNUSED_FUNCTION = YES;
				GCC_WARN_UNUSED_VARIABLE = YES;
				IPHONEOS_DEPLOYMENT_TARGET = 17.5;
				LOCALIZATION_PREFERS_STRING_CATALOGS = YES;
				MTL_ENABLE_DEBUG_INFO = INCLUDE_SOURCE;
				MTL_FAST_MATH = YES;
				ONLY_ACTIVE_ARCH = YES;
				SDKROOT = iphoneos;
				SWIFT_ACTIVE_COMPILATION_CONDITIONS = "DEBUG $(inherited)";
				SWIFT_OPTIMIZATION_LEVEL = "-Onone";
			};
			name = Debug;
		};
		7A10287C2C6CE4A000735340 /* Release */ = {
			isa = XCBuildConfiguration;
			buildSettings = {
				ALWAYS_SEARCH_USER_PATHS = NO;
				ASSETCATALOG_COMPILER_GENERATE_SWIFT_ASSET_SYMBOL_EXTENSIONS = YES;
				CLANG_ANALYZER_NONNULL = YES;
				CLANG_ANALYZER_NUMBER_OBJECT_CONVERSION = YES_AGGRESSIVE;
				CLANG_CXX_LANGUAGE_STANDARD = "gnu++20";
				CLANG_ENABLE_MODULES = YES;
				CLANG_ENABLE_OBJC_ARC = YES;
				CLANG_ENABLE_OBJC_WEAK = YES;
				CLANG_WARN_BLOCK_CAPTURE_AUTORELEASING = YES;
				CLANG_WARN_BOOL_CONVERSION = YES;
				CLANG_WARN_COMMA = YES;
				CLANG_WARN_CONSTANT_CONVERSION = YES;
				CLANG_WARN_DEPRECATED_OBJC_IMPLEMENTATIONS = YES;
				CLANG_WARN_DIRECT_OBJC_ISA_USAGE = YES_ERROR;
				CLANG_WARN_DOCUMENTATION_COMMENTS = YES;
				CLANG_WARN_EMPTY_BODY = YES;
				CLANG_WARN_ENUM_CONVERSION = YES;
				CLANG_WARN_INFINITE_RECURSION = YES;
				CLANG_WARN_INT_CONVERSION = YES;
				CLANG_WARN_NON_LITERAL_NULL_CONVERSION = YES;
				CLANG_WARN_OBJC_IMPLICIT_RETAIN_SELF = YES;
				CLANG_WARN_OBJC_LITERAL_CONVERSION = YES;
				CLANG_WARN_OBJC_ROOT_CLASS = YES_ERROR;
				CLANG_WARN_QUOTED_INCLUDE_IN_FRAMEWORK_HEADER = YES;
				CLANG_WARN_RANGE_LOOP_ANALYSIS = YES;
				CLANG_WARN_STRICT_PROTOTYPES = YES;
				CLANG_WARN_SUSPICIOUS_MOVE = YES;
				CLANG_WARN_UNGUARDED_AVAILABILITY = YES_AGGRESSIVE;
				CLANG_WARN_UNREACHABLE_CODE = YES;
				CLANG_WARN__DUPLICATE_METHOD_MATCH = YES;
				COPY_PHASE_STRIP = NO;
				DEBUG_INFORMATION_FORMAT = "dwarf-with-dsym";
				ENABLE_NS_ASSERTIONS = NO;
				ENABLE_STRICT_OBJC_MSGSEND = YES;
				ENABLE_USER_SCRIPT_SANDBOXING = YES;
				GCC_C_LANGUAGE_STANDARD = gnu17;
				GCC_NO_COMMON_BLOCKS = YES;
				GCC_WARN_64_TO_32_BIT_CONVERSION = YES;
				GCC_WARN_ABOUT_RETURN_TYPE = YES_ERROR;
				GCC_WARN_UNDECLARED_SELECTOR = YES;
				GCC_WARN_UNINITIALIZED_AUTOS = YES_AGGRESSIVE;
				GCC_WARN_UNUSED_FUNCTION = YES;
				GCC_WARN_UNUSED_VARIABLE = YES;
				IPHONEOS_DEPLOYMENT_TARGET = 17.5;
				LOCALIZATION_PREFERS_STRING_CATALOGS = YES;
				MTL_ENABLE_DEBUG_INFO = NO;
				MTL_FAST_MATH = YES;
				SDKROOT = iphoneos;
				SWIFT_COMPILATION_MODE = wholemodule;
				VALIDATE_PRODUCT = YES;
			};
			name = Release;
		};
		7A10287E2C6CE4A000735340 /* Debug */ = {
			isa = XCBuildConfiguration;
			buildSettings = {
				ASSETCATALOG_COMPILER_APPICON_NAME = AppIcon;
				ASSETCATALOG_COMPILER_GLOBAL_ACCENT_COLOR_NAME = AccentColor;
				CODE_SIGN_STYLE = Automatic;
				CURRENT_PROJECT_VERSION = 1;
				DEVELOPMENT_ASSET_PATHS = "\"MyRecipe/Preview Content\"";
				DEVELOPMENT_TEAM = ATHJ7D739H;
				ENABLE_PREVIEWS = YES;
				GENERATE_INFOPLIST_FILE = YES;
				INFOPLIST_KEY_UIApplicationSceneManifest_Generation = YES;
				INFOPLIST_KEY_UIApplicationSupportsIndirectInputEvents = YES;
				INFOPLIST_KEY_UILaunchScreen_Generation = YES;
				INFOPLIST_KEY_UISupportedInterfaceOrientations_iPad = "UIInterfaceOrientationPortrait UIInterfaceOrientationPortraitUpsideDown UIInterfaceOrientationLandscapeLeft UIInterfaceOrientationLandscapeRight";
				INFOPLIST_KEY_UISupportedInterfaceOrientations_iPhone = "UIInterfaceOrientationPortrait UIInterfaceOrientationLandscapeLeft UIInterfaceOrientationLandscapeRight";
				LD_RUNPATH_SEARCH_PATHS = (
					"$(inherited)",
					"@executable_path/Frameworks",
				);
				MARKETING_VERSION = 1.0;
				PRODUCT_BUNDLE_IDENTIFIER = com.anasrul.MyRecipe;
				PRODUCT_NAME = "$(TARGET_NAME)";
				SWIFT_EMIT_LOC_STRINGS = YES;
				SWIFT_VERSION = 5.0;
				TARGETED_DEVICE_FAMILY = "1,2";
			};
			name = Debug;
		};
		7A10287F2C6CE4A000735340 /* Release */ = {
			isa = XCBuildConfiguration;
			buildSettings = {
				ASSETCATALOG_COMPILER_APPICON_NAME = AppIcon;
				ASSETCATALOG_COMPILER_GLOBAL_ACCENT_COLOR_NAME = AccentColor;
				CODE_SIGN_STYLE = Automatic;
				CURRENT_PROJECT_VERSION = 1;
				DEVELOPMENT_ASSET_PATHS = "\"MyRecipe/Preview Content\"";
				DEVELOPMENT_TEAM = ATHJ7D739H;
				ENABLE_PREVIEWS = YES;
				GENERATE_INFOPLIST_FILE = YES;
				INFOPLIST_KEY_UIApplicationSceneManifest_Generation = YES;
				INFOPLIST_KEY_UIApplicationSupportsIndirectInputEvents = YES;
				INFOPLIST_KEY_UILaunchScreen_Generation = YES;
				INFOPLIST_KEY_UISupportedInterfaceOrientations_iPad = "UIInterfaceOrientationPortrait UIInterfaceOrientationPortraitUpsideDown UIInterfaceOrientationLandscapeLeft UIInterfaceOrientationLandscapeRight";
				INFOPLIST_KEY_UISupportedInterfaceOrientations_iPhone = "UIInterfaceOrientationPortrait UIInterfaceOrientationLandscapeLeft UIInterfaceOrientationLandscapeRight";
				LD_RUNPATH_SEARCH_PATHS = (
					"$(inherited)",
					"@executable_path/Frameworks",
				);
				MARKETING_VERSION = 1.0;
				PRODUCT_BUNDLE_IDENTIFIER = com.anasrul.MyRecipe;
				PRODUCT_NAME = "$(TARGET_NAME)";
				SWIFT_EMIT_LOC_STRINGS = YES;
				SWIFT_VERSION = 5.0;
				TARGETED_DEVICE_FAMILY = "1,2";
			};
			name = Release;
		};
		7A1028812C6CE4A000735340 /* Debug */ = {
			isa = XCBuildConfiguration;
			buildSettings = {
				ALWAYS_EMBED_SWIFT_STANDARD_LIBRARIES = YES;
				BUNDLE_LOADER = "$(TEST_HOST)";
				CODE_SIGN_STYLE = Automatic;
				CURRENT_PROJECT_VERSION = 1;
				DEVELOPMENT_TEAM = ATHJ7D739H;
				GENERATE_INFOPLIST_FILE = YES;
				IPHONEOS_DEPLOYMENT_TARGET = 17.5;
				MARKETING_VERSION = 1.0;
				PRODUCT_BUNDLE_IDENTIFIER = com.anasrul.MyRecipeTests;
				PRODUCT_NAME = "$(TARGET_NAME)";
				SWIFT_EMIT_LOC_STRINGS = NO;
				SWIFT_VERSION = 5.0;
				TARGETED_DEVICE_FAMILY = "1,2";
				TEST_HOST = "$(BUILT_PRODUCTS_DIR)/MyRecipe.app/$(BUNDLE_EXECUTABLE_FOLDER_PATH)/MyRecipe";
			};
			name = Debug;
		};
		7A1028822C6CE4A000735340 /* Release */ = {
			isa = XCBuildConfiguration;
			buildSettings = {
				ALWAYS_EMBED_SWIFT_STANDARD_LIBRARIES = YES;
				BUNDLE_LOADER = "$(TEST_HOST)";
				CODE_SIGN_STYLE = Automatic;
				CURRENT_PROJECT_VERSION = 1;
				DEVELOPMENT_TEAM = ATHJ7D739H;
				GENERATE_INFOPLIST_FILE = YES;
				IPHONEOS_DEPLOYMENT_TARGET = 17.5;
				MARKETING_VERSION = 1.0;
				PRODUCT_BUNDLE_IDENTIFIER = com.anasrul.MyRecipeTests;
				PRODUCT_NAME = "$(TARGET_NAME)";
				SWIFT_EMIT_LOC_STRINGS = NO;
				SWIFT_VERSION = 5.0;
				TARGETED_DEVICE_FAMILY = "1,2";
				TEST_HOST = "$(BUILT_PRODUCTS_DIR)/MyRecipe.app/$(BUNDLE_EXECUTABLE_FOLDER_PATH)/MyRecipe";
			};
			name = Release;
		};
		7A1028842C6CE4A000735340 /* Debug */ = {
			isa = XCBuildConfiguration;
			buildSettings = {
				ALWAYS_EMBED_SWIFT_STANDARD_LIBRARIES = YES;
				CODE_SIGN_STYLE = Automatic;
				CURRENT_PROJECT_VERSION = 1;
				DEVELOPMENT_TEAM = ATHJ7D739H;
				GENERATE_INFOPLIST_FILE = YES;
				MARKETING_VERSION = 1.0;
				PRODUCT_BUNDLE_IDENTIFIER = com.anasrul.MyRecipeUITests;
				PRODUCT_NAME = "$(TARGET_NAME)";
				SWIFT_EMIT_LOC_STRINGS = NO;
				SWIFT_VERSION = 5.0;
				TARGETED_DEVICE_FAMILY = "1,2";
				TEST_TARGET_NAME = MyRecipe;
			};
			name = Debug;
		};
		7A1028852C6CE4A000735340 /* Release */ = {
			isa = XCBuildConfiguration;
			buildSettings = {
				ALWAYS_EMBED_SWIFT_STANDARD_LIBRARIES = YES;
				CODE_SIGN_STYLE = Automatic;
				CURRENT_PROJECT_VERSION = 1;
				DEVELOPMENT_TEAM = ATHJ7D739H;
				GENERATE_INFOPLIST_FILE = YES;
				MARKETING_VERSION = 1.0;
				PRODUCT_BUNDLE_IDENTIFIER = com.anasrul.MyRecipeUITests;
				PRODUCT_NAME = "$(TARGET_NAME)";
				SWIFT_EMIT_LOC_STRINGS = NO;
				SWIFT_VERSION = 5.0;
				TARGETED_DEVICE_FAMILY = "1,2";
				TEST_TARGET_NAME = MyRecipe;
			};
			name = Release;
		};
/* End XCBuildConfiguration section */

/* Begin XCConfigurationList section */
		7A1028522C6CE49E00735340 /* Build configuration list for PBXProject "MyRecipe" */ = {
			isa = XCConfigurationList;
			buildConfigurations = (
				7A10287B2C6CE4A000735340 /* Debug */,
				7A10287C2C6CE4A000735340 /* Release */,
			);
			defaultConfigurationIsVisible = 0;
			defaultConfigurationName = Release;
		};
		7A10287D2C6CE4A000735340 /* Build configuration list for PBXNativeTarget "MyRecipe" */ = {
			isa = XCConfigurationList;
			buildConfigurations = (
				7A10287E2C6CE4A000735340 /* Debug */,
				7A10287F2C6CE4A000735340 /* Release */,
			);
			defaultConfigurationIsVisible = 0;
			defaultConfigurationName = Release;
		};
		7A1028802C6CE4A000735340 /* Build configuration list for PBXNativeTarget "MyRecipeTests" */ = {
			isa = XCConfigurationList;
			buildConfigurations = (
				7A1028812C6CE4A000735340 /* Debug */,
				7A1028822C6CE4A000735340 /* Release */,
			);
			defaultConfigurationIsVisible = 0;
			defaultConfigurationName = Release;
		};
		7A1028832C6CE4A000735340 /* Build configuration list for PBXNativeTarget "MyRecipeUITests" */ = {
			isa = XCConfigurationList;
			buildConfigurations = (
				7A1028842C6CE4A000735340 /* Debug */,
				7A1028852C6CE4A000735340 /* Release */,
			);
			defaultConfigurationIsVisible = 0;
			defaultConfigurationName = Release;
		};
/* End XCConfigurationList section */

/* Begin XCRemoteSwiftPackageReference section */
		7A1028E02C6CF2EA00735340 /* XCRemoteSwiftPackageReference "firebase-ios-sdk" */ = {
			isa = XCRemoteSwiftPackageReference;
			repositoryURL = "https://github.com/firebase/firebase-ios-sdk";
			requirement = {
				kind = upToNextMajorVersion;
				minimumVersion = 11.0.0;
			};
		};
/* End XCRemoteSwiftPackageReference section */

/* Begin XCSwiftPackageProductDependency section */
		7A1028E12C6CF2EA00735340 /* FirebaseAnalyticsWithoutAdIdSupport */ = {
			isa = XCSwiftPackageProductDependency;
			package = 7A1028E02C6CF2EA00735340 /* XCRemoteSwiftPackageReference "firebase-ios-sdk" */;
			productName = FirebaseAnalyticsWithoutAdIdSupport;
		};
/* End XCSwiftPackageProductDependency section */
	};
	rootObject = 7A10284F2C6CE49E00735340 /* Project object */;
}
